// !$*UTF8*$!
{
	archiveVersion = 1;
	classes = {
	};
	objectVersion = 46;
	objects = {

/* Begin PBXBuildFile section */
		3FC43FCB1E75D4A900611A9E /* AppDelegate.swift in Sources */ = {isa = PBXBuildFile; fileRef = 3FC43FCA1E75D4A900611A9E /* AppDelegate.swift */; };
		3FC43FCD1E75D4A900611A9E /* GameScene.sks in Resources */ = {isa = PBXBuildFile; fileRef = 3FC43FCC1E75D4A900611A9E /* GameScene.sks */; };
		3FC43FCF1E75D4A900611A9E /* GameScene.swift in Sources */ = {isa = PBXBuildFile; fileRef = 3FC43FCE1E75D4A900611A9E /* GameScene.swift */; };
		3FC43FD11E75D4A900611A9E /* GameViewController.swift in Sources */ = {isa = PBXBuildFile; fileRef = 3FC43FD01E75D4A900611A9E /* GameViewController.swift */; };
		3FC43FD41E75D4A900611A9E /* Main.storyboard in Resources */ = {isa = PBXBuildFile; fileRef = 3FC43FD21E75D4A900611A9E /* Main.storyboard */; };
		3FC43FD61E75D4A900611A9E /* Assets.xcassets in Resources */ = {isa = PBXBuildFile; fileRef = 3FC43FD51E75D4A900611A9E /* Assets.xcassets */; };
		3FC43FD91E75D4A900611A9E /* LaunchScreen.storyboard in Resources */ = {isa = PBXBuildFile; fileRef = 3FC43FD71E75D4A900611A9E /* LaunchScreen.storyboard */; };
		3FC43FE41E75D4A900611A9E /* p04_langertTests.swift in Sources */ = {isa = PBXBuildFile; fileRef = 3FC43FE31E75D4A900611A9E /* p04_langertTests.swift */; };
		3FC43FEF1E75D4A900611A9E /* p04_langertUITests.swift in Sources */ = {isa = PBXBuildFile; fileRef = 3FC43FEE1E75D4A900611A9E /* p04_langertUITests.swift */; };
		3FC43FFF1E75DD2000611A9E /* mountain.png in Resources */ = {isa = PBXBuildFile; fileRef = 3FC43FFE1E75DD2000611A9E /* mountain.png */; };
		3FC440011E75E01D00611A9E /* giraffe.jpg in Resources */ = {isa = PBXBuildFile; fileRef = 3FC440001E75E01D00611A9E /* giraffe.jpg */; };
		3FC440031E75E88C00611A9E /* burger.jpg in Resources */ = {isa = PBXBuildFile; fileRef = 3FC440021E75E88C00611A9E /* burger.jpg */; };
		3FC440071E75FED500611A9E /* Box.jpg in Resources */ = {isa = PBXBuildFile; fileRef = 3FC440061E75FED500611A9E /* Box.jpg */; };
/* End PBXBuildFile section */

/* Begin PBXContainerItemProxy section */
		3FC43FE01E75D4A900611A9E /* PBXContainerItemProxy */ = {
			isa = PBXContainerItemProxy;
			containerPortal = 3FC43FBF1E75D4A900611A9E /* Project object */;
			proxyType = 1;
			remoteGlobalIDString = 3FC43FC61E75D4A900611A9E;
			remoteInfo = "p04-langert";
		};
		3FC43FEB1E75D4A900611A9E /* PBXContainerItemProxy */ = {
			isa = PBXContainerItemProxy;
			containerPortal = 3FC43FBF1E75D4A900611A9E /* Project object */;
			proxyType = 1;
			remoteGlobalIDString = 3FC43FC61E75D4A900611A9E;
			remoteInfo = "p04-langert";
		};
/* End PBXContainerItemProxy section */

/* Begin PBXFileReference section */
		3FC43FC71E75D4A900611A9E /* p04-langert.app */ = {isa = PBXFileReference; explicitFileType = wrapper.application; includeInIndex = 0; path = "p04-langert.app"; sourceTree = BUILT_PRODUCTS_DIR; };
		3FC43FCA1E75D4A900611A9E /* AppDelegate.swift */ = {isa = PBXFileReference; lastKnownFileType = sourcecode.swift; path = AppDelegate.swift; sourceTree = "<group>"; };
		3FC43FCC1E75D4A900611A9E /* GameScene.sks */ = {isa = PBXFileReference; lastKnownFileType = file.sks; path = GameScene.sks; sourceTree = "<group>"; };
		3FC43FCE1E75D4A900611A9E /* GameScene.swift */ = {isa = PBXFileReference; lastKnownFileType = sourcecode.swift; path = GameScene.swift; sourceTree = "<group>"; };
		3FC43FD01E75D4A900611A9E /* GameViewController.swift */ = {isa = PBXFileReference; lastKnownFileType = sourcecode.swift; path = GameViewController.swift; sourceTree = "<group>"; };
		3FC43FD31E75D4A900611A9E /* Base */ = {isa = PBXFileReference; lastKnownFileType = file.storyboard; name = Base; path = Base.lproj/Main.storyboard; sourceTree = "<group>"; };
		3FC43FD51E75D4A900611A9E /* Assets.xcassets */ = {isa = PBXFileReference; lastKnownFileType = folder.assetcatalog; path = Assets.xcassets; sourceTree = "<group>"; };
		3FC43FD81E75D4A900611A9E /* Base */ = {isa = PBXFileReference; lastKnownFileType = file.storyboard; name = Base; path = Base.lproj/LaunchScreen.storyboard; sourceTree = "<group>"; };
		3FC43FDA1E75D4A900611A9E /* Info.plist */ = {isa = PBXFileReference; lastKnownFileType = text.plist.xml; path = Info.plist; sourceTree = "<group>"; };
		3FC43FDF1E75D4A900611A9E /* p04-langertTests.xctest */ = {isa = PBXFileReference; explicitFileType = wrapper.cfbundle; includeInIndex = 0; path = "p04-langertTests.xctest"; sourceTree = BUILT_PRODUCTS_DIR; };
		3FC43FE31E75D4A900611A9E /* p04_langertTests.swift */ = {isa = PBXFileReference; lastKnownFileType = sourcecode.swift; path = p04_langertTests.swift; sourceTree = "<group>"; };
		3FC43FE51E75D4A900611A9E /* Info.plist */ = {isa = PBXFileReference; lastKnownFileType = text.plist.xml; path = Info.plist; sourceTree = "<group>"; };
		3FC43FEA1E75D4A900611A9E /* p04-langertUITests.xctest */ = {isa = PBXFileReference; explicitFileType = wrapper.cfbundle; includeInIndex = 0; path = "p04-langertUITests.xctest"; sourceTree = BUILT_PRODUCTS_DIR; };
		3FC43FEE1E75D4A900611A9E /* p04_langertUITests.swift */ = {isa = PBXFileReference; lastKnownFileType = sourcecode.swift; path = p04_langertUITests.swift; sourceTree = "<group>"; };
		3FC43FF01E75D4A900611A9E /* Info.plist */ = {isa = PBXFileReference; lastKnownFileType = text.plist.xml; path = Info.plist; sourceTree = "<group>"; };
		3FC43FFE1E75DD2000611A9E /* mountain.png */ = {isa = PBXFileReference; lastKnownFileType = image.png; name = mountain.png; path = "p04-langert/Assets.xcassets/mountain.png"; sourceTree = "<group>"; };
		3FC440001E75E01D00611A9E /* giraffe.jpg */ = {isa = PBXFileReference; lastKnownFileType = image.jpeg; name = giraffe.jpg; path = ../../Downloads/giraffe.jpg; sourceTree = "<group>"; };
		3FC440021E75E88C00611A9E /* burger.jpg */ = {isa = PBXFileReference; lastKnownFileType = image.jpeg; name = burger.jpg; path = ../../Downloads/burger.jpg; sourceTree = "<group>"; };
		3FC440061E75FED500611A9E /* Box.jpg */ = {isa = PBXFileReference; lastKnownFileType = image.jpeg; name = Box.jpg; path = ../../Downloads/Box.jpg; sourceTree = "<group>"; };
/* End PBXFileReference section */

/* Begin PBXFrameworksBuildPhase section */
		3FC43FC41E75D4A900611A9E /* Frameworks */ = {
			isa = PBXFrameworksBuildPhase;
			buildActionMask = 2147483647;
			files = (
			);
			runOnlyForDeploymentPostprocessing = 0;
		};
		3FC43FDC1E75D4A900611A9E /* Frameworks */ = {
			isa = PBXFrameworksBuildPhase;
			buildActionMask = 2147483647;
			files = (
			);
			runOnlyForDeploymentPostprocessing = 0;
		};
		3FC43FE71E75D4A900611A9E /* Frameworks */ = {
			isa = PBXFrameworksBuildPhase;
			buildActionMask = 2147483647;
			files = (
			);
			runOnlyForDeploymentPostprocessing = 0;
		};
/* End PBXFrameworksBuildPhase section */

/* Begin PBXGroup section */
		3FC43FBE1E75D4A900611A9E = {
			isa = PBXGroup;
			children = (
				3FC43FC91E75D4A900611A9E /* p04-langert */,
				3FC43FE21E75D4A900611A9E /* p04-langertTests */,
				3FC43FED1E75D4A900611A9E /* p04-langertUITests */,
				3FC43FC81E75D4A900611A9E /* Products */,
				3FC43FFE1E75DD2000611A9E /* mountain.png */,
				3FC440001E75E01D00611A9E /* giraffe.jpg */,
				3FC440021E75E88C00611A9E /* burger.jpg */,
				3FC440061E75FED500611A9E /* Box.jpg */,
			);
			sourceTree = "<group>";
		};
		3FC43FC81E75D4A900611A9E /* Products */ = {
			isa = PBXGroup;
			children = (
				3FC43FC71E75D4A900611A9E /* p04-langert.app */,
				3FC43FDF1E75D4A900611A9E /* p04-langertTests.xctest */,
				3FC43FEA1E75D4A900611A9E /* p04-langertUITests.xctest */,
			);
			name = Products;
			sourceTree = "<group>";
		};
		3FC43FC91E75D4A900611A9E /* p04-langert */ = {
			isa = PBXGroup;
			children = (
				3FC43FCA1E75D4A900611A9E /* AppDelegate.swift */,
				3FC43FCC1E75D4A900611A9E /* GameScene.sks */,
				3FC43FCE1E75D4A900611A9E /* GameScene.swift */,
				3FC43FD01E75D4A900611A9E /* GameViewController.swift */,
				3FC43FD21E75D4A900611A9E /* Main.storyboard */,
				3FC43FD51E75D4A900611A9E /* Assets.xcassets */,
				3FC43FD71E75D4A900611A9E /* LaunchScreen.storyboard */,
				3FC43FDA1E75D4A900611A9E /* Info.plist */,
			);
			path = "p04-langert";
			sourceTree = "<group>";
		};
		3FC43FE21E75D4A900611A9E /* p04-langertTests */ = {
			isa = PBXGroup;
			children = (
				3FC43FE31E75D4A900611A9E /* p04_langertTests.swift */,
				3FC43FE51E75D4A900611A9E /* Info.plist */,
			);
			path = "p04-langertTests";
			sourceTree = "<group>";
		};
		3FC43FED1E75D4A900611A9E /* p04-langertUITests */ = {
			isa = PBXGroup;
			children = (
				3FC43FEE1E75D4A900611A9E /* p04_langertUITests.swift */,
				3FC43FF01E75D4A900611A9E /* Info.plist */,
			);
			path = "p04-langertUITests";
			sourceTree = "<group>";
		};
/* End PBXGroup section */

/* Begin PBXNativeTarget section */
		3FC43FC61E75D4A900611A9E /* p04-langert */ = {
			isa = PBXNativeTarget;
			buildConfigurationList = 3FC43FF31E75D4A900611A9E /* Build configuration list for PBXNativeTarget "p04-langert" */;
			buildPhases = (
				3FC43FC31E75D4A900611A9E /* Sources */,
				3FC43FC41E75D4A900611A9E /* Frameworks */,
				3FC43FC51E75D4A900611A9E /* Resources */,
			);
			buildRules = (
			);
			dependencies = (
			);
			name = "p04-langert";
			productName = "p04-langert";
			productReference = 3FC43FC71E75D4A900611A9E /* p04-langert.app */;
			productType = "com.apple.product-type.application";
		};
		3FC43FDE1E75D4A900611A9E /* p04-langertTests */ = {
			isa = PBXNativeTarget;
			buildConfigurationList = 3FC43FF61E75D4A900611A9E /* Build configuration list for PBXNativeTarget "p04-langertTests" */;
			buildPhases = (
				3FC43FDB1E75D4A900611A9E /* Sources */,
				3FC43FDC1E75D4A900611A9E /* Frameworks */,
				3FC43FDD1E75D4A900611A9E /* Resources */,
			);
			buildRules = (
			);
			dependencies = (
				3FC43FE11E75D4A900611A9E /* PBXTargetDependency */,
			);
			name = "p04-langertTests";
			productName = "p04-langertTests";
			productReference = 3FC43FDF1E75D4A900611A9E /* p04-langertTests.xctest */;
			productType = "com.apple.product-type.bundle.unit-test";
		};
		3FC43FE91E75D4A900611A9E /* p04-langertUITests */ = {
			isa = PBXNativeTarget;
			buildConfigurationList = 3FC43FF91E75D4A900611A9E /* Build configuration list for PBXNativeTarget "p04-langertUITests" */;
			buildPhases = (
				3FC43FE61E75D4A900611A9E /* Sources */,
				3FC43FE71E75D4A900611A9E /* Frameworks */,
				3FC43FE81E75D4A900611A9E /* Resources */,
			);
			buildRules = (
			);
			dependencies = (
				3FC43FEC1E75D4A900611A9E /* PBXTargetDependency */,
			);
			name = "p04-langertUITests";
			productName = "p04-langertUITests";
			productReference = 3FC43FEA1E75D4A900611A9E /* p04-langertUITests.xctest */;
			productType = "com.apple.product-type.bundle.ui-testing";
		};
/* End PBXNativeTarget section */

/* Begin PBXProject section */
		3FC43FBF1E75D4A900611A9E /* Project object */ = {
			isa = PBXProject;
			attributes = {
				LastSwiftUpdateCheck = 0720;
				LastUpgradeCheck = 0720;
				ORGANIZATIONNAME = "Erik Langert";
				TargetAttributes = {
					3FC43FC61E75D4A900611A9E = {
						CreatedOnToolsVersion = 7.2;
					};
					3FC43FDE1E75D4A900611A9E = {
						CreatedOnToolsVersion = 7.2;
						TestTargetID = 3FC43FC61E75D4A900611A9E;
					};
					3FC43FE91E75D4A900611A9E = {
						CreatedOnToolsVersion = 7.2;
						TestTargetID = 3FC43FC61E75D4A900611A9E;
					};
				};
			};
			buildConfigurationList = 3FC43FC21E75D4A900611A9E /* Build configuration list for PBXProject "p04-langert" */;
			compatibilityVersion = "Xcode 3.2";
			developmentRegion = English;
			hasScannedForEncodings = 0;
			knownRegions = (
				en,
				Base,
			);
			mainGroup = 3FC43FBE1E75D4A900611A9E;
			productRefGroup = 3FC43FC81E75D4A900611A9E /* Products */;
			projectDirPath = "";
			projectRoot = "";
			targets = (
				3FC43FC61E75D4A900611A9E /* p04-langert */,
				3FC43FDE1E75D4A900611A9E /* p04-langertTests */,
				3FC43FE91E75D4A900611A9E /* p04-langertUITests */,
			);
		};
/* End PBXProject section */

/* Begin PBXResourcesBuildPhase section */
		3FC43FC51E75D4A900611A9E /* Resources */ = {
			isa = PBXResourcesBuildPhase;
			buildActionMask = 2147483647;
			files = (
				3FC43FCD1E75D4A900611A9E /* GameScene.sks in Resources */,
				3FC43FFF1E75DD2000611A9E /* mountain.png in Resources */,
				3FC440011E75E01D00611A9E /* giraffe.jpg in Resources */,
				3FC440031E75E88C00611A9E /* burger.jpg in Resources */,
				3FC43FD91E75D4A900611A9E /* LaunchScreen.storyboard in Resources */,
				3FC43FD61E75D4A900611A9E /* Assets.xcassets in Resources */,
				3FC43FD41E75D4A900611A9E /* Main.storyboard in Resources */,
				3FC440071E75FED500611A9E /* Box.jpg in Resources */,
			);
			runOnlyForDeploymentPostprocessing = 0;
		};
		3FC43FDD1E75D4A900611A9E /* Resources */ = {
			isa = PBXResourcesBuildPhase;
			buildActionMask = 2147483647;
			files = (
			);
			runOnlyForDeploymentPostprocessing = 0;
		};
		3FC43FE81E75D4A900611A9E /* Resources */ = {
			isa = PBXResourcesBuildPhase;
			buildActionMask = 2147483647;
			files = (
			);
			runOnlyForDeploymentPostprocessing = 0;
		};
/* End PBXResourcesBuildPhase section */

/* Begin PBXSourcesBuildPhase section */
		3FC43FC31E75D4A900611A9E /* Sources */ = {
			isa = PBXSourcesBuildPhase;
			buildActionMask = 2147483647;
			files = (
				3FC43FCF1E75D4A900611A9E /* GameScene.swift in Sources */,
				3FC43FD11E75D4A900611A9E /* GameViewController.swift in Sources */,
				3FC43FCB1E75D4A900611A9E /* AppDelegate.swift in Sources */,
			);
			runOnlyForDeploymentPostprocessing = 0;
		};
		3FC43FDB1E75D4A900611A9E /* Sources */ = {
			isa = PBXSourcesBuildPhase;
			buildActionMask = 2147483647;
			files = (
				3FC43FE41E75D4A900611A9E /* p04_langertTests.swift in Sources */,
			);
			runOnlyForDeploymentPostprocessing = 0;
		};
		3FC43FE61E75D4A900611A9E /* Sources */ = {
			isa = PBXSourcesBuildPhase;
			buildActionMask = 2147483647;
			files = (
				3FC43FEF1E75D4A900611A9E /* p04_langertUITests.swift in Sources */,
			);
			runOnlyForDeploymentPostprocessing = 0;
		};
/* End PBXSourcesBuildPhase section */

/* Begin PBXTargetDependency section */
		3FC43FE11E75D4A900611A9E /* PBXTargetDependency */ = {
			isa = PBXTargetDependency;
			target = 3FC43FC61E75D4A900611A9E /* p04-langert */;
			targetProxy = 3FC43FE01E75D4A900611A9E /* PBXContainerItemProxy */;
		};
		3FC43FEC1E75D4A900611A9E /* PBXTargetDependency */ = {
			isa = PBXTargetDependency;
			target = 3FC43FC61E75D4A900611A9E /* p04-langert */;
			targetProxy = 3FC43FEB1E75D4A900611A9E /* PBXContainerItemProxy */;
		};
/* End PBXTargetDependency section */

/* Begin PBXVariantGroup section */
		3FC43FD21E75D4A900611A9E /* Main.storyboard */ = {
			isa = PBXVariantGroup;
			children = (
				3FC43FD31E75D4A900611A9E /* Base */,
			);
			name = Main.storyboard;
			sourceTree = "<group>";
		};
		3FC43FD71E75D4A900611A9E /* LaunchScreen.storyboard */ = {
			isa = PBXVariantGroup;
			children = (
				3FC43FD81E75D4A900611A9E /* Base */,
			);
			name = LaunchScreen.storyboard;
			sourceTree = "<group>";
		};
/* End PBXVariantGroup section */

/* Begin XCBuildConfiguration section */
		3FC43FF11E75D4A900611A9E /* Debug */ = {
			isa = XCBuildConfiguration;
			buildSettings = {
				ALWAYS_SEARCH_USER_PATHS = NO;
				CLANG_CXX_LANGUAGE_STANDARD = "gnu++0x";
				CLANG_CXX_LIBRARY = "libc++";
				CLANG_ENABLE_MODULES = YES;
				CLANG_ENABLE_OBJC_ARC = YES;
				CLANG_WARN_BOOL_CONVERSION = YES;
				CLANG_WARN_CONSTANT_CONVERSION = YES;
				CLANG_WARN_DIRECT_OBJC_ISA_USAGE = YES_ERROR;
				CLANG_WARN_EMPTY_BODY = YES;
				CLANG_WARN_ENUM_CONVERSION = YES;
				CLANG_WARN_INT_CONVERSION = YES;
				CLANG_WARN_OBJC_ROOT_CLASS = YES_ERROR;
				CLANG_WARN_UNREACHABLE_CODE = YES;
				CLANG_WARN__DUPLICATE_METHOD_MATCH = YES;
				"CODE_SIGN_IDENTITY[sdk=iphoneos*]" = "iPhone Developer";
				COPY_PHASE_STRIP = NO;
				DEBUG_INFORMATION_FORMAT = "dwarf-with-dsym";
				ENABLE_STRICT_OBJC_MSGSEND = YES;
				ENABLE_TESTABILITY = YES;
				GCC_C_LANGUAGE_STANDARD = gnu99;
				GCC_DYNAMIC_NO_PIC = NO;
				GCC_NO_COMMON_BLOCKS = YES;
				GCC_OPTIMIZATION_LEVEL = 0;
				GCC_PREPROCESSOR_DEFINITIONS = (
					"DEBUG=1",
					"$(inherited)",
				);
				GCC_WARN_64_TO_32_BIT_CONVERSION = YES;
				GCC_WARN_ABOUT_RETURN_TYPE = YES_ERROR;
				GCC_WARN_UNDECLARED_SELECTOR = YES;
				GCC_WARN_UNINITIALIZED_AUTOS = YES_AGGRESSIVE;
				GCC_WARN_UNUSED_FUNCTION = YES;
				GCC_WARN_UNUSED_VARIABLE = YES;
				IPHONEOS_DEPLOYMENT_TARGET = 9.2;
				MTL_ENABLE_DEBUG_INFO = YES;
				ONLY_ACTIVE_ARCH = YES;
				SDKROOT = iphoneos;
				SWIFT_OPTIMIZATION_LEVEL = "-Onone";
				TARGETED_DEVICE_FAMILY = "1,2";
			};
			name = Debug;
		};
		3FC43FF21E75D4A900611A9E /* Release */ = {
			isa = XCBuildConfiguration;
			buildSettings = {
				ALWAYS_SEARCH_USER_PATHS = NO;
				CLANG_CXX_LANGUAGE_STANDARD = "gnu++0x";
				CLANG_CXX_LIBRARY = "libc++";
				CLANG_ENABLE_MODULES = YES;
				CLANG_ENABLE_OBJC_ARC = YES;
				CLANG_WARN_BOOL_CONVERSION = YES;
				CLANG_WARN_CONSTANT_CONVERSION = YES;
				CLANG_WARN_DIRECT_OBJC_ISA_USAGE = YES_ERROR;
				CLANG_WARN_EMPTY_BODY = YES;
				CLANG_WARN_ENUM_CONVERSION = YES;
				CLANG_WARN_INT_CONVERSION = YES;
				CLANG_WARN_OBJC_ROOT_CLASS = YES_ERROR;
				CLANG_WARN_UNREACHABLE_CODE = YES;
				CLANG_WARN__DUPLICATE_METHOD_MATCH = YES;
				"CODE_SIGN_IDENTITY[sdk=iphoneos*]" = "iPhone Developer";
				COPY_PHASE_STRIP = NO;
				DEBUG_INFORMATION_FORMAT = "dwarf-with-dsym";
				ENABLE_NS_ASSERTIONS = NO;
				ENABLE_STRICT_OBJC_MSGSEND = YES;
				GCC_C_LANGUAGE_STANDARD = gnu99;
				GCC_NO_COMMON_BLOCKS = YES;
				GCC_WARN_64_TO_32_BIT_CONVERSION = YES;
				GCC_WARN_ABOUT_RETURN_TYPE = YES_ERROR;
				GCC_WARN_UNDECLARED_SELECTOR = YES;
				GCC_WARN_UNINITIALIZED_AUTOS = YES_AGGRESSIVE;
				GCC_WARN_UNUSED_FUNCTION = YES;
				GCC_WARN_UNUSED_VARIABLE = YES;
				IPHONEOS_DEPLOYMENT_TARGET = 9.2;
				MTL_ENABLE_DEBUG_INFO = NO;
				SDKROOT = iphoneos;
				TARGETED_DEVICE_FAMILY = "1,2";
				VALIDATE_PRODUCT = YES;
			};
			name = Release;
		};
		3FC43FF41E75D4A900611A9E /* Debug */ = {
			isa = XCBuildConfiguration;
			buildSettings = {
				ASSETCATALOG_COMPILER_APPICON_NAME = AppIcon;
				INFOPLIST_FILE = "p04-langert/Info.plist";
				LD_RUNPATH_SEARCH_PATHS = "$(inherited) @executable_path/Frameworks";
				PRODUCT_BUNDLE_IDENTIFIER = "cs441.p04-langert";
				PRODUCT_NAME = "$(TARGET_NAME)";
			};
			name = Debug;
		};
		3FC43FF51E75D4A900611A9E /* Release */ = {
			isa = XCBuildConfiguration;
			buildSettings = {
				ASSETCATALOG_COMPILER_APPICON_NAME = AppIcon;
				INFOPLIST_FILE = "p04-langert/Info.plist";
				LD_RUNPATH_SEARCH_PATHS = "$(inherited) @executable_path/Frameworks";
				PRODUCT_BUNDLE_IDENTIFIER = "cs441.p04-langert";
				PRODUCT_NAME = "$(TARGET_NAME)";
			};
			name = Release;
		};
		3FC43FF71E75D4A900611A9E /* Debug */ = {
			isa = XCBuildConfiguration;
			buildSettings = {
				BUNDLE_LOADER = "$(TEST_HOST)";
				DEBUG_INFORMATION_FORMAT = dwarf;
				INFOPLIST_FILE = "p04-langertTests/Info.plist";
				LD_RUNPATH_SEARCH_PATHS = "$(inherited) @executable_path/Frameworks @loader_path/Frameworks";
				PRODUCT_BUNDLE_IDENTIFIER = "cs441.p04-langertTests";
				PRODUCT_NAME = "$(TARGET_NAME)";
				TEST_HOST = "$(BUILT_PRODUCTS_DIR)/p04-langert.app/p04-langert";
			};
			name = Debug;
		};
		3FC43FF81E75D4A900611A9E /* Release */ = {
			isa = XCBuildConfiguration;
			buildSettings = {
				BUNDLE_LOADER = "$(TEST_HOST)";
				INFOPLIST_FILE = "p04-langertTests/Info.plist";
				LD_RUNPATH_SEARCH_PATHS = "$(inherited) @executable_path/Frameworks @loader_path/Frameworks";
				PRODUCT_BUNDLE_IDENTIFIER = "cs441.p04-langertTests";
				PRODUCT_NAME = "$(TARGET_NAME)";
				TEST_HOST = "$(BUILT_PRODUCTS_DIR)/p04-langert.app/p04-langert";
			};
			name = Release;
		};
		3FC43FFA1E75D4A900611A9E /* Debug */ = {
			isa = XCBuildConfiguration;
			buildSettings = {
				DEBUG_INFORMATION_FORMAT = dwarf;
				INFOPLIST_FILE = "p04-langertUITests/Info.plist";
				LD_RUNPATH_SEARCH_PATHS = "$(inherited) @executable_path/Frameworks @loader_path/Frameworks";
				PRODUCT_BUNDLE_IDENTIFIER = "cs441.p04-langertUITests";
				PRODUCT_NAME = "$(TARGET_NAME)";
				TEST_TARGET_NAME = "p04-langert";
				USES_XCTRUNNER = YES;
			};
			name = Debug;
		};
		3FC43FFB1E75D4A900611A9E /* Release */ = {
			isa = XCBuildConfiguration;
			buildSettings = {
				INFOPLIST_FILE = "p04-langertUITests/Info.plist";
				LD_RUNPATH_SEARCH_PATHS = "$(inherited) @executable_path/Frameworks @loader_path/Frameworks";
				PRODUCT_BUNDLE_IDENTIFIER = "cs441.p04-langertUITests";
				PRODUCT_NAME = "$(TARGET_NAME)";
				TEST_TARGET_NAME = "p04-langert";
				USES_XCTRUNNER = YES;
			};
			name = Release;
		};
/* End XCBuildConfiguration section */

/* Begin XCConfigurationList section */
		3FC43FC21E75D4A900611A9E /* Build configuration list for PBXProject "p04-langert" */ = {
			isa = XCConfigurationList;
			buildConfigurations = (
				3FC43FF11E75D4A900611A9E /* Debug */,
				3FC43FF21E75D4A900611A9E /* Release */,
			);
			defaultConfigurationIsVisible = 0;
			defaultConfigurationName = Release;
		};
		3FC43FF31E75D4A900611A9E /* Build configuration list for PBXNativeTarget "p04-langert" */ = {
			isa = XCConfigurationList;
			buildConfigurations = (
				3FC43FF41E75D4A900611A9E /* Debug */,
				3FC43FF51E75D4A900611A9E /* Release */,
			);
			defaultConfigurationIsVisible = 0;
		};
		3FC43FF61E75D4A900611A9E /* Build configuration list for PBXNativeTarget "p04-langertTests" */ = {
			isa = XCConfigurationList;
			buildConfigurations = (
				3FC43FF71E75D4A900611A9E /* Debug */,
				3FC43FF81E75D4A900611A9E /* Release */,
			);
			defaultConfigurationIsVisible = 0;
		};
		3FC43FF91E75D4A900611A9E /* Build configuration list for PBXNativeTarget "p04-langertUITests" */ = {
			isa = XCConfigurationList;
			buildConfigurations = (
				3FC43FFA1E75D4A900611A9E /* Debug */,
				3FC43FFB1E75D4A900611A9E /* Release */,
			);
			defaultConfigurationIsVisible = 0;
		};
/* End XCConfigurationList section */
	};
	rootObject = 3FC43FBF1E75D4A900611A9E /* Project object */;
}
